# THIS IS AN AUTOGENERATED FILE. DO NOT EDIT THIS FILE DIRECTLY.
# yarn lockfile v1


"@vuepress/plugin-active-header-links@^1.2.0":
  version "1.2.0"
  resolved "https://registry.npm.taobao.org/@vuepress/plugin-active-header-links/download/@vuepress/plugin-active-header-links-1.2.0.tgz#46495c89e51a95e57139be007dffbcae4b229260"
  integrity sha1-RklcieUaleVxOb4Aff+8rksikmA=
  dependencies:
    lodash.debounce "^4.0.8"

"@vuepress/plugin-back-to-top@^1.2.0":
  version "1.2.0"
  resolved "https://registry.npm.taobao.org/@vuepress/plugin-back-to-top/download/@vuepress/plugin-back-to-top-1.2.0.tgz#f6bb2f57317e94a6b0b6854719f3088481f2c0dd"
  integrity sha1-9rsvVzF+lKawtoVHGfMIhIHywN0=
  dependencies:
    lodash.debounce "^4.0.8"

lodash.debounce@^4.0.8:
  version "4.0.8"
  resolved "https://registry.npm.taobao.org/lodash.debounce/download/lodash.debounce-4.0.8.tgz#82d79bff30a67c4005ffd5e2515300ad9ca4d7af"
  integrity sha1-gteb/zCmfEAF/9XiUVMArZyk168=
